
Microsoft Visual Studio Solution File, Format Version 12.00
# Visual Studio 2013
VisualStudioVersion = 12.0.21005.1
MinimumVisualStudioVersion = 10.0.40219.1
Project("{FAE04EC0-301F-11D3-BF4B-00C04F79EFBC}") = "MyBooking", "MyBooking\MyBooking.csproj", "{D75591A2-8EA2-45BB-B06D-D4E85AA48B96}"
EndProject
Project("{FAE04EC0-301F-11D3-BF4B-00C04F79EFBC}") = "MyBooking.Tests", "MyBooking.Tests\MyBooking.Tests.csproj", "{5ED4BC14-A987-4084-99CC-A0CF9AAF0911}"
EndProject
Project("{FAE04EC0-301F-11D3-BF4B-00C04F79EFBC}") = "MyBooking.DataAccess", "MyBooking.Business\MyBooking.DataAccess.csproj", "{3795F178-AF39-4C07-A16F-F6AE9A887F2E}"
EndProject
Global
	GlobalSection(SolutionConfigurationPlatforms) = preSolution
		Debug|Any CPU = Debug|Any CPU
		Release|Any CPU = Release|Any CPU
	EndGlobalSection
	GlobalSection(ProjectConfigurationPlatforms) = postSolution
		{D75591A2-8EA2-45BB-B06D-D4E85AA48B96}.Debug|Any CPU.ActiveCfg = Debug|Any CPU
		{D75591A2-8EA2-45BB-B06D-D4E85AA48B96}.Debug|Any CPU.Build.0 = Debug|Any CPU
		{D75591A2-8EA2-45BB-B06D-D4E85AA48B96}.Release|Any CPU.ActiveCfg = Release|Any CPU
		{D75591A2-8EA2-45BB-B06D-D4E85AA48B96}.Release|Any CPU.Build.0 = Release|Any CPU
		{5ED4BC14-A987-4084-99CC-A0CF9AAF0911}.Debug|Any CPU.ActiveCfg = Debug|Any CPU
		{5ED4BC14-A987-4084-99CC-A0CF9AAF0911}.Debug|Any CPU.Build.0 = Debug|Any CPU
		{5ED4BC14-A987-4084-99CC-A0CF9AAF0911}.Release|Any CPU.ActiveCfg = Release|Any CPU
		{5ED4BC14-A987-4084-99CC-A0CF9AAF0911}.Release|Any CPU.Build.0 = Release|Any CPU
		{3795F178-AF39-4C07-A16F-F6AE9A887F2E}.Debug|Any CPU.ActiveCfg = Debug|Any CPU
		{3795F178-AF39-4C07-A16F-F6AE9A887F2E}.Debug|Any CPU.Build.0 = Debug|Any CPU
		{3795F178-AF39-4C07-A16F-F6AE9A887F2E}.Release|Any CPU.ActiveCfg = Release|Any CPU
		{3795F178-AF39-4C07-A16F-F6AE9A887F2E}.Release|Any CPU.Build.0 = Release|Any CPU
	EndGlobalSection
	GlobalSection(SolutionProperties) = preSolution
		HideSolutionNode = FALSE
	EndGlobalSection
EndGlobal
